
Microsoft Visual Studio Solution File, Format Version 12.00
# Visual Studio 15
VisualStudioVersion = 15.0.26730.16
MinimumVisualStudioVersion = 10.0.40219.1
Project("{8BC9CEB8-8B4A-11D0-8D11-00A0C91BC942}") = "singlethread", "singlethread\singlethread.vcxproj", "{1B60F99A-EBE0-4F79-A8E4-098EA0A8725D}"
EndProject
Project("{8BC9CEB8-8B4A-11D0-8D11-00A0C91BC942}") = "singlethread2", "singlethread2\singlethread2.vcxproj", "{5FD84D4D-C1E1-4F2A-B98E-1F6D837BC73C}"
EndProject
Project("{8BC9CEB8-8B4A-11D0-8D11-00A0C91BC942}") = "multithread", "multithread\multithread.vcxproj", "{47A7ECCC-D4FA-44CF-B784-88A13B43B3FB}"
EndProject
Project("{8BC9CEB8-8B4A-11D0-8D11-00A0C91BC942}") = "lambdathread", "lambdathread\lambdathread.vcxproj", "{6ED700F1-8E97-49C6-9BB5-46CC665FA55B}"
EndProject
Project("{8BC9CEB8-8B4A-11D0-8D11-00A0C91BC942}") = "notsync", "notsync\notsync.vcxproj", "{F094311B-74E1-46F2-9211-314300D383DB}"
EndProject
Project("{8BC9CEB8-8B4A-11D0-8D11-00A0C91BC942}") = "mutex", "mutex\mutex.vcxproj", "{862CB725-E45D-4E2F-892B-FADB07444A26}"
EndProject
Project("{8BC9CEB8-8B4A-11D0-8D11-00A0C91BC942}") = "automutex", "automutex\automutex.vcxproj", "{2AE2BD79-5767-4064-978B-48CDFBD40778}"
EndProject
Project("{8BC9CEB8-8B4A-11D0-8D11-00A0C91BC942}") = "deadlock", "deadlock\deadlock.vcxproj", "{A41116D3-21B4-4ADA-8E57-AED6135015EF}"
EndProject
Project("{8BC9CEB8-8B4A-11D0-8D11-00A0C91BC942}") = "recursivemutex", "recursivemutex\recursivemutex.vcxproj", "{2C3BB664-FA3F-4CEA-82E8-E9024887D389}"
EndProject
Project("{8BC9CEB8-8B4A-11D0-8D11-00A0C91BC942}") = "threadhandle", "threadhandle\threadhandle.vcxproj", "{21D72520-E262-4DEF-8C25-0725A42D77B2}"
EndProject
Project("{8BC9CEB8-8B4A-11D0-8D11-00A0C91BC942}") = "threaduniquehandle", "threaduniquehandle\threaduniquehandle.vcxproj", "{3C54F931-4123-4AF7-A396-6247DF33DFAB}"
EndProject
Project("{8BC9CEB8-8B4A-11D0-8D11-00A0C91BC942}") = "event", "event\event.vcxproj", "{1416C678-851D-4812-980D-E1E337015F79}"
EndProject
Project("{8BC9CEB8-8B4A-11D0-8D11-00A0C91BC942}") = "eventthread", "eventthread\eventthread.vcxproj", "{E99CCA06-8327-4EF5-B912-1798F67BC61A}"
EndProject
Project("{8BC9CEB8-8B4A-11D0-8D11-00A0C91BC942}") = "eventthread2", "eventthread2\eventthread2.vcxproj", "{A6C8C62B-92E2-4323-9AD6-49C3E5154136}"
EndProject
Project("{8BC9CEB8-8B4A-11D0-8D11-00A0C91BC942}") = "eventthread3", "eventthread3\eventthread3.vcxproj", "{28752073-099A-4B03-A7BA-3C94A569FBDA}"
EndProject
Global
	GlobalSection(SolutionConfigurationPlatforms) = preSolution
		Debug|x64 = Debug|x64
		Debug|x86 = Debug|x86
		Release|x64 = Release|x64
		Release|x86 = Release|x86
	EndGlobalSection
	GlobalSection(ProjectConfigurationPlatforms) = postSolution
		{1B60F99A-EBE0-4F79-A8E4-098EA0A8725D}.Debug|x64.ActiveCfg = Debug|x64
		{1B60F99A-EBE0-4F79-A8E4-098EA0A8725D}.Debug|x64.Build.0 = Debug|x64
		{1B60F99A-EBE0-4F79-A8E4-098EA0A8725D}.Debug|x86.ActiveCfg = Debug|Win32
		{1B60F99A-EBE0-4F79-A8E4-098EA0A8725D}.Debug|x86.Build.0 = Debug|Win32
		{1B60F99A-EBE0-4F79-A8E4-098EA0A8725D}.Release|x64.ActiveCfg = Release|x64
		{1B60F99A-EBE0-4F79-A8E4-098EA0A8725D}.Release|x64.Build.0 = Release|x64
		{1B60F99A-EBE0-4F79-A8E4-098EA0A8725D}.Release|x86.ActiveCfg = Release|Win32
		{1B60F99A-EBE0-4F79-A8E4-098EA0A8725D}.Release|x86.Build.0 = Release|Win32
		{5FD84D4D-C1E1-4F2A-B98E-1F6D837BC73C}.Debug|x64.ActiveCfg = Debug|x64
		{5FD84D4D-C1E1-4F2A-B98E-1F6D837BC73C}.Debug|x64.Build.0 = Debug|x64
		{5FD84D4D-C1E1-4F2A-B98E-1F6D837BC73C}.Debug|x86.ActiveCfg = Debug|Win32
		{5FD84D4D-C1E1-4F2A-B98E-1F6D837BC73C}.Debug|x86.Build.0 = Debug|Win32
		{5FD84D4D-C1E1-4F2A-B98E-1F6D837BC73C}.Release|x64.ActiveCfg = Release|x64
		{5FD84D4D-C1E1-4F2A-B98E-1F6D837BC73C}.Release|x64.Build.0 = Release|x64
		{5FD84D4D-C1E1-4F2A-B98E-1F6D837BC73C}.Release|x86.ActiveCfg = Release|Win32
		{5FD84D4D-C1E1-4F2A-B98E-1F6D837BC73C}.Release|x86.Build.0 = Release|Win32
		{47A7ECCC-D4FA-44CF-B784-88A13B43B3FB}.Debug|x64.ActiveCfg = Debug|x64
		{47A7ECCC-D4FA-44CF-B784-88A13B43B3FB}.Debug|x64.Build.0 = Debug|x64
		{47A7ECCC-D4FA-44CF-B784-88A13B43B3FB}.Debug|x86.ActiveCfg = Debug|Win32
		{47A7ECCC-D4FA-44CF-B784-88A13B43B3FB}.Debug|x86.Build.0 = Debug|Win32
		{47A7ECCC-D4FA-44CF-B784-88A13B43B3FB}.Release|x64.ActiveCfg = Release|x64
		{47A7ECCC-D4FA-44CF-B784-88A13B43B3FB}.Release|x64.Build.0 = Release|x64
		{47A7ECCC-D4FA-44CF-B784-88A13B43B3FB}.Release|x86.ActiveCfg = Release|Win32
		{47A7ECCC-D4FA-44CF-B784-88A13B43B3FB}.Release|x86.Build.0 = Release|Win32
		{6ED700F1-8E97-49C6-9BB5-46CC665FA55B}.Debug|x64.ActiveCfg = Debug|x64
		{6ED700F1-8E97-49C6-9BB5-46CC665FA55B}.Debug|x64.Build.0 = Debug|x64
		{6ED700F1-8E97-49C6-9BB5-46CC665FA55B}.Debug|x86.ActiveCfg = Debug|Win32
		{6ED700F1-8E97-49C6-9BB5-46CC665FA55B}.Debug|x86.Build.0 = Debug|Win32
		{6ED700F1-8E97-49C6-9BB5-46CC665FA55B}.Release|x64.ActiveCfg = Release|x64
		{6ED700F1-8E97-49C6-9BB5-46CC665FA55B}.Release|x64.Build.0 = Release|x64
		{6ED700F1-8E97-49C6-9BB5-46CC665FA55B}.Release|x86.ActiveCfg = Release|Win32
		{6ED700F1-8E97-49C6-9BB5-46CC665FA55B}.Release|x86.Build.0 = Release|Win32
		{F094311B-74E1-46F2-9211-314300D383DB}.Debug|x64.ActiveCfg = Debug|x64
		{F094311B-74E1-46F2-9211-314300D383DB}.Debug|x64.Build.0 = Debug|x64
		{F094311B-74E1-46F2-9211-314300D383DB}.Debug|x86.ActiveCfg = Debug|Win32
		{F094311B-74E1-46F2-9211-314300D383DB}.Debug|x86.Build.0 = Debug|Win32
		{F094311B-74E1-46F2-9211-314300D383DB}.Release|x64.ActiveCfg = Release|x64
		{F094311B-74E1-46F2-9211-314300D383DB}.Release|x64.Build.0 = Release|x64
		{F094311B-74E1-46F2-9211-314300D383DB}.Release|x86.ActiveCfg = Release|Win32
		{F094311B-74E1-46F2-9211-314300D383DB}.Release|x86.Build.0 = Release|Win32
		{862CB725-E45D-4E2F-892B-FADB07444A26}.Debug|x64.ActiveCfg = Debug|x64
		{862CB725-E45D-4E2F-892B-FADB07444A26}.Debug|x64.Build.0 = Debug|x64
		{862CB725-E45D-4E2F-892B-FADB07444A26}.Debug|x86.ActiveCfg = Debug|Win32
		{862CB725-E45D-4E2F-892B-FADB07444A26}.Debug|x86.Build.0 = Debug|Win32
		{862CB725-E45D-4E2F-892B-FADB07444A26}.Release|x64.ActiveCfg = Release|x64
		{862CB725-E45D-4E2F-892B-FADB07444A26}.Release|x64.Build.0 = Release|x64
		{862CB725-E45D-4E2F-892B-FADB07444A26}.Release|x86.ActiveCfg = Release|Win32
		{862CB725-E45D-4E2F-892B-FADB07444A26}.Release|x86.Build.0 = Release|Win32
		{2AE2BD79-5767-4064-978B-48CDFBD40778}.Debug|x64.ActiveCfg = Debug|x64
		{2AE2BD79-5767-4064-978B-48CDFBD40778}.Debug|x64.Build.0 = Debug|x64
		{2AE2BD79-5767-4064-978B-48CDFBD40778}.Debug|x86.ActiveCfg = Debug|Win32
		{2AE2BD79-5767-4064-978B-48CDFBD40778}.Debug|x86.Build.0 = Debug|Win32
		{2AE2BD79-5767-4064-978B-48CDFBD40778}.Release|x64.ActiveCfg = Release|x64
		{2AE2BD79-5767-4064-978B-48CDFBD40778}.Release|x64.Build.0 = Release|x64
		{2AE2BD79-5767-4064-978B-48CDFBD40778}.Release|x86.ActiveCfg = Release|Win32
		{2AE2BD79-5767-4064-978B-48CDFBD40778}.Release|x86.Build.0 = Release|Win32
		{A41116D3-21B4-4ADA-8E57-AED6135015EF}.Debug|x64.ActiveCfg = Debug|x64
		{A41116D3-21B4-4ADA-8E57-AED6135015EF}.Debug|x64.Build.0 = Debug|x64
		{A41116D3-21B4-4ADA-8E57-AED6135015EF}.Debug|x86.ActiveCfg = Debug|Win32
		{A41116D3-21B4-4ADA-8E57-AED6135015EF}.Debug|x86.Build.0 = Debug|Win32
		{A41116D3-21B4-4ADA-8E57-AED6135015EF}.Release|x64.ActiveCfg = Release|x64
		{A41116D3-21B4-4ADA-8E57-AED6135015EF}.Release|x64.Build.0 = Release|x64
		{A41116D3-21B4-4ADA-8E57-AED6135015EF}.Release|x86.ActiveCfg = Release|Win32
		{A41116D3-21B4-4ADA-8E57-AED6135015EF}.Release|x86.Build.0 = Release|Win32
		{2C3BB664-FA3F-4CEA-82E8-E9024887D389}.Debug|x64.ActiveCfg = Debug|x64
		{2C3BB664-FA3F-4CEA-82E8-E9024887D389}.Debug|x64.Build.0 = Debug|x64
		{2C3BB664-FA3F-4CEA-82E8-E9024887D389}.Debug|x86.ActiveCfg = Debug|Win32
		{2C3BB664-FA3F-4CEA-82E8-E9024887D389}.Debug|x86.Build.0 = Debug|Win32
		{2C3BB664-FA3F-4CEA-82E8-E9024887D389}.Release|x64.ActiveCfg = Release|x64
		{2C3BB664-FA3F-4CEA-82E8-E9024887D389}.Release|x64.Build.0 = Release|x64
		{2C3BB664-FA3F-4CEA-82E8-E9024887D389}.Release|x86.ActiveCfg = Release|Win32
		{2C3BB664-FA3F-4CEA-82E8-E9024887D389}.Release|x86.Build.0 = Release|Win32
		{21D72520-E262-4DEF-8C25-0725A42D77B2}.Debug|x64.ActiveCfg = Debug|x64
		{21D72520-E262-4DEF-8C25-0725A42D77B2}.Debug|x64.Build.0 = Debug|x64
		{21D72520-E262-4DEF-8C25-0725A42D77B2}.Debug|x86.ActiveCfg = Debug|Win32
		{21D72520-E262-4DEF-8C25-0725A42D77B2}.Debug|x86.Build.0 = Debug|Win32
		{21D72520-E262-4DEF-8C25-0725A42D77B2}.Release|x64.ActiveCfg = Release|x64
		{21D72520-E262-4DEF-8C25-0725A42D77B2}.Release|x64.Build.0 = Release|x64
		{21D72520-E262-4DEF-8C25-0725A42D77B2}.Release|x86.ActiveCfg = Release|Win32
		{21D72520-E262-4DEF-8C25-0725A42D77B2}.Release|x86.Build.0 = Release|Win32
		{3C54F931-4123-4AF7-A396-6247DF33DFAB}.Debug|x64.ActiveCfg = Debug|x64
		{3C54F931-4123-4AF7-A396-6247DF33DFAB}.Debug|x64.Build.0 = Debug|x64
		{3C54F931-4123-4AF7-A396-6247DF33DFAB}.Debug|x86.ActiveCfg = Debug|Win32
		{3C54F931-4123-4AF7-A396-6247DF33DFAB}.Debug|x86.Build.0 = Debug|Win32
		{3C54F931-4123-4AF7-A396-6247DF33DFAB}.Release|x64.ActiveCfg = Release|x64
		{3C54F931-4123-4AF7-A396-6247DF33DFAB}.Release|x64.Build.0 = Release|x64
		{3C54F931-4123-4AF7-A396-6247DF33DFAB}.Release|x86.ActiveCfg = Release|Win32
		{3C54F931-4123-4AF7-A396-6247DF33DFAB}.Release|x86.Build.0 = Release|Win32
		{1416C678-851D-4812-980D-E1E337015F79}.Debug|x64.ActiveCfg = Debug|x64
		{1416C678-851D-4812-980D-E1E337015F79}.Debug|x64.Build.0 = Debug|x64
		{1416C678-851D-4812-980D-E1E337015F79}.Debug|x86.ActiveCfg = Debug|Win32
		{1416C678-851D-4812-980D-E1E337015F79}.Debug|x86.Build.0 = Debug|Win32
		{1416C678-851D-4812-980D-E1E337015F79}.Release|x64.ActiveCfg = Release|x64
		{1416C678-851D-4812-980D-E1E337015F79}.Release|x64.Build.0 = Release|x64
		{1416C678-851D-4812-980D-E1E337015F79}.Release|x86.ActiveCfg = Release|Win32
		{1416C678-851D-4812-980D-E1E337015F79}.Release|x86.Build.0 = Release|Win32
		{E99CCA06-8327-4EF5-B912-1798F67BC61A}.Debug|x64.ActiveCfg = Debug|x64
		{E99CCA06-8327-4EF5-B912-1798F67BC61A}.Debug|x64.Build.0 = Debug|x64
		{E99CCA06-8327-4EF5-B912-1798F67BC61A}.Debug|x86.ActiveCfg = Debug|Win32
		{E99CCA06-8327-4EF5-B912-1798F67BC61A}.Debug|x86.Build.0 = Debug|Win32
		{E99CCA06-8327-4EF5-B912-1798F67BC61A}.Release|x64.ActiveCfg = Release|x64
		{E99CCA06-8327-4EF5-B912-1798F67BC61A}.Release|x64.Build.0 = Release|x64
		{E99CCA06-8327-4EF5-B912-1798F67BC61A}.Release|x86.ActiveCfg = Release|Win32
		{E99CCA06-8327-4EF5-B912-1798F67BC61A}.Release|x86.Build.0 = Release|Win32
		{A6C8C62B-92E2-4323-9AD6-49C3E5154136}.Debug|x64.ActiveCfg = Debug|x64
		{A6C8C62B-92E2-4323-9AD6-49C3E5154136}.Debug|x64.Build.0 = Debug|x64
		{A6C8C62B-92E2-4323-9AD6-49C3E5154136}.Debug|x86.ActiveCfg = Debug|Win32
		{A6C8C62B-92E2-4323-9AD6-49C3E5154136}.Debug|x86.Build.0 = Debug|Win32
		{A6C8C62B-92E2-4323-9AD6-49C3E5154136}.Release|x64.ActiveCfg = Release|x64
		{A6C8C62B-92E2-4323-9AD6-49C3E5154136}.Release|x64.Build.0 = Release|x64
		{A6C8C62B-92E2-4323-9AD6-49C3E5154136}.Release|x86.ActiveCfg = Release|Win32
		{A6C8C62B-92E2-4323-9AD6-49C3E5154136}.Release|x86.Build.0 = Release|Win32
		{28752073-099A-4B03-A7BA-3C94A569FBDA}.Debug|x64.ActiveCfg = Debug|x64
		{28752073-099A-4B03-A7BA-3C94A569FBDA}.Debug|x64.Build.0 = Debug|x64
		{28752073-099A-4B03-A7BA-3C94A569FBDA}.Debug|x86.ActiveCfg = Debug|Win32
		{28752073-099A-4B03-A7BA-3C94A569FBDA}.Debug|x86.Build.0 = Debug|Win32
		{28752073-099A-4B03-A7BA-3C94A569FBDA}.Release|x64.ActiveCfg = Release|x64
		{28752073-099A-4B03-A7BA-3C94A569FBDA}.Release|x64.Build.0 = Release|x64
		{28752073-099A-4B03-A7BA-3C94A569FBDA}.Release|x86.ActiveCfg = Release|Win32
		{28752073-099A-4B03-A7BA-3C94A569FBDA}.Release|x86.Build.0 = Release|Win32
	EndGlobalSection
	GlobalSection(SolutionProperties) = preSolution
		HideSolutionNode = FALSE
	EndGlobalSection
	GlobalSection(ExtensibilityGlobals) = postSolution
		SolutionGuid = {782B757F-CF23-4FF5-9120-6D437021BC7A}
	EndGlobalSection
EndGlobal
