
Microsoft Visual Studio Solution File, Format Version 12.00
# Visual Studio 15
VisualStudioVersion = 15.0.26730.16
MinimumVisualStudioVersion = 10.0.40219.1
Project("{8BC9CEB8-8B4A-11D0-8D11-00A0C91BC942}") = "auto", "auto\auto.vcxproj", "{197FC080-ACF2-4720-BFC8-A7186A756494}"
EndProject
Project("{8BC9CEB8-8B4A-11D0-8D11-00A0C91BC942}") = "decltype", "decltype\decltype.vcxproj", "{8AC954FB-BDD5-48B0-87C0-A9DE3BFE4C36}"
EndProject
Project("{8BC9CEB8-8B4A-11D0-8D11-00A0C91BC942}") = "begin_end", "begin_end\begin_end.vcxproj", "{18DF8A27-CDAA-4C6F-A027-0E7A3477B4DB}"
EndProject
Project("{8BC9CEB8-8B4A-11D0-8D11-00A0C91BC942}") = "range_based_for_loop", "range_based_for_loop\range_based_for_loop.vcxproj", "{A40CFE93-377C-4D2A-966A-7F2A57BA227B}"
EndProject
Project("{8BC9CEB8-8B4A-11D0-8D11-00A0C91BC942}") = "array", "array\array.vcxproj", "{65AF792A-2A5F-41AF-9BD5-7AAC37B0FC46}"
EndProject
Project("{8BC9CEB8-8B4A-11D0-8D11-00A0C91BC942}") = "vector", "vector\vector.vcxproj", "{95B21E67-0B8C-4262-8759-B26BFB1F69C8}"
EndProject
Project("{8BC9CEB8-8B4A-11D0-8D11-00A0C91BC942}") = "sort", "sort\sort.vcxproj", "{1385FE98-6914-4F02-A887-E3D246E32ACD}"
EndProject
Project("{8BC9CEB8-8B4A-11D0-8D11-00A0C91BC942}") = "find", "find\find.vcxproj", "{318959CA-26C7-4DCD-A65B-E48C465E376A}"
EndProject
Project("{8BC9CEB8-8B4A-11D0-8D11-00A0C91BC942}") = "for_each", "for_each\for_each.vcxproj", "{AADAE104-FE67-4B92-98E6-ECB5D61CD3E1}"
EndProject
Project("{8BC9CEB8-8B4A-11D0-8D11-00A0C91BC942}") = "lambda_tiny_func", "lambda_tiny_func\lambda_tiny_func.vcxproj", "{469FFDC0-4206-41F8-B671-F89E71BB48AA}"
EndProject
Project("{8BC9CEB8-8B4A-11D0-8D11-00A0C91BC942}") = "lambda_multiline_func", "lambda_multiline_func\lambda_multiline_func.vcxproj", "{BB493729-3334-4B7F-A9F6-54C73D3DE760}"
EndProject
Project("{8BC9CEB8-8B4A-11D0-8D11-00A0C91BC942}") = "lambda_returning_value", "lambda_returning_value\lambda_returning_value.vcxproj", "{186935F1-F317-47CC-A1AF-850A8AFEDC97}"
EndProject
Project("{8BC9CEB8-8B4A-11D0-8D11-00A0C91BC942}") = "lambda_capturing_by_value", "lambda_capturing_by_value\lambda_capturing_by_value.vcxproj", "{720CFF39-E79C-4667-AA95-CAB84CA7B7FA}"
EndProject
Project("{8BC9CEB8-8B4A-11D0-8D11-00A0C91BC942}") = "lambda_capturing_by_value_mutable", "lambda_capturing_by_value_mutable\lambda_capturing_by_value_mutable.vcxproj", "{51FA4369-85BC-42F0-BE24-F741AAE9753B}"
EndProject
Project("{8BC9CEB8-8B4A-11D0-8D11-00A0C91BC942}") = "lambda_capturing_by_reference", "lambda_capturing_by_reference\lambda_capturing_by_reference.vcxproj", "{1744C8D3-A3DB-4C3C-AFF8-52CA820D4770}"
EndProject
Project("{8BC9CEB8-8B4A-11D0-8D11-00A0C91BC942}") = "lambda_initialization_captures", "lambda_initialization_captures\lambda_initialization_captures.vcxproj", "{960894C0-B670-4BF2-AA64-785EB928A994}"
EndProject
Project("{8BC9CEB8-8B4A-11D0-8D11-00A0C91BC942}") = "lambda_expression_generic", "lambda_expression_generic\lambda_expression_generic.vcxproj", "{01AEDA06-4B5E-4662-857D-5CFAA7035A9B}"
EndProject
Project("{8BC9CEB8-8B4A-11D0-8D11-00A0C91BC942}") = "unique_ptr_1", "unique_ptr_1\unique_ptr_1.vcxproj", "{A4C4B3B1-4618-4600-806B-00E810508447}"
EndProject
Project("{8BC9CEB8-8B4A-11D0-8D11-00A0C91BC942}") = "unique_ptr_2", "unique_ptr_2\unique_ptr_2.vcxproj", "{796378F9-F925-427A-9715-3E0CD6F21615}"
EndProject
Project("{8BC9CEB8-8B4A-11D0-8D11-00A0C91BC942}") = "unique_ptr_3", "unique_ptr_3\unique_ptr_3.vcxproj", "{E415A17E-6BA0-4216-B78F-F371D9C4E055}"
EndProject
Project("{8BC9CEB8-8B4A-11D0-8D11-00A0C91BC942}") = "shared_ptr_1", "shared_ptr_1\shared_ptr_1.vcxproj", "{771C1BA0-ABE3-4C02-A8EF-AAC7641C9537}"
EndProject
Global
	GlobalSection(SolutionConfigurationPlatforms) = preSolution
		Debug|x64 = Debug|x64
		Debug|x86 = Debug|x86
		Release|x64 = Release|x64
		Release|x86 = Release|x86
	EndGlobalSection
	GlobalSection(ProjectConfigurationPlatforms) = postSolution
		{197FC080-ACF2-4720-BFC8-A7186A756494}.Debug|x64.ActiveCfg = Debug|x64
		{197FC080-ACF2-4720-BFC8-A7186A756494}.Debug|x64.Build.0 = Debug|x64
		{197FC080-ACF2-4720-BFC8-A7186A756494}.Debug|x86.ActiveCfg = Debug|Win32
		{197FC080-ACF2-4720-BFC8-A7186A756494}.Debug|x86.Build.0 = Debug|Win32
		{197FC080-ACF2-4720-BFC8-A7186A756494}.Release|x64.ActiveCfg = Release|x64
		{197FC080-ACF2-4720-BFC8-A7186A756494}.Release|x64.Build.0 = Release|x64
		{197FC080-ACF2-4720-BFC8-A7186A756494}.Release|x86.ActiveCfg = Release|Win32
		{197FC080-ACF2-4720-BFC8-A7186A756494}.Release|x86.Build.0 = Release|Win32
		{8AC954FB-BDD5-48B0-87C0-A9DE3BFE4C36}.Debug|x64.ActiveCfg = Debug|x64
		{8AC954FB-BDD5-48B0-87C0-A9DE3BFE4C36}.Debug|x64.Build.0 = Debug|x64
		{8AC954FB-BDD5-48B0-87C0-A9DE3BFE4C36}.Debug|x86.ActiveCfg = Debug|Win32
		{8AC954FB-BDD5-48B0-87C0-A9DE3BFE4C36}.Debug|x86.Build.0 = Debug|Win32
		{8AC954FB-BDD5-48B0-87C0-A9DE3BFE4C36}.Release|x64.ActiveCfg = Release|x64
		{8AC954FB-BDD5-48B0-87C0-A9DE3BFE4C36}.Release|x64.Build.0 = Release|x64
		{8AC954FB-BDD5-48B0-87C0-A9DE3BFE4C36}.Release|x86.ActiveCfg = Release|Win32
		{8AC954FB-BDD5-48B0-87C0-A9DE3BFE4C36}.Release|x86.Build.0 = Release|Win32
		{18DF8A27-CDAA-4C6F-A027-0E7A3477B4DB}.Debug|x64.ActiveCfg = Debug|x64
		{18DF8A27-CDAA-4C6F-A027-0E7A3477B4DB}.Debug|x64.Build.0 = Debug|x64
		{18DF8A27-CDAA-4C6F-A027-0E7A3477B4DB}.Debug|x86.ActiveCfg = Debug|Win32
		{18DF8A27-CDAA-4C6F-A027-0E7A3477B4DB}.Debug|x86.Build.0 = Debug|Win32
		{18DF8A27-CDAA-4C6F-A027-0E7A3477B4DB}.Release|x64.ActiveCfg = Release|x64
		{18DF8A27-CDAA-4C6F-A027-0E7A3477B4DB}.Release|x64.Build.0 = Release|x64
		{18DF8A27-CDAA-4C6F-A027-0E7A3477B4DB}.Release|x86.ActiveCfg = Release|Win32
		{18DF8A27-CDAA-4C6F-A027-0E7A3477B4DB}.Release|x86.Build.0 = Release|Win32
		{A40CFE93-377C-4D2A-966A-7F2A57BA227B}.Debug|x64.ActiveCfg = Debug|x64
		{A40CFE93-377C-4D2A-966A-7F2A57BA227B}.Debug|x64.Build.0 = Debug|x64
		{A40CFE93-377C-4D2A-966A-7F2A57BA227B}.Debug|x86.ActiveCfg = Debug|Win32
		{A40CFE93-377C-4D2A-966A-7F2A57BA227B}.Debug|x86.Build.0 = Debug|Win32
		{A40CFE93-377C-4D2A-966A-7F2A57BA227B}.Release|x64.ActiveCfg = Release|x64
		{A40CFE93-377C-4D2A-966A-7F2A57BA227B}.Release|x64.Build.0 = Release|x64
		{A40CFE93-377C-4D2A-966A-7F2A57BA227B}.Release|x86.ActiveCfg = Release|Win32
		{A40CFE93-377C-4D2A-966A-7F2A57BA227B}.Release|x86.Build.0 = Release|Win32
		{65AF792A-2A5F-41AF-9BD5-7AAC37B0FC46}.Debug|x64.ActiveCfg = Debug|x64
		{65AF792A-2A5F-41AF-9BD5-7AAC37B0FC46}.Debug|x64.Build.0 = Debug|x64
		{65AF792A-2A5F-41AF-9BD5-7AAC37B0FC46}.Debug|x86.ActiveCfg = Debug|Win32
		{65AF792A-2A5F-41AF-9BD5-7AAC37B0FC46}.Debug|x86.Build.0 = Debug|Win32
		{65AF792A-2A5F-41AF-9BD5-7AAC37B0FC46}.Release|x64.ActiveCfg = Release|x64
		{65AF792A-2A5F-41AF-9BD5-7AAC37B0FC46}.Release|x64.Build.0 = Release|x64
		{65AF792A-2A5F-41AF-9BD5-7AAC37B0FC46}.Release|x86.ActiveCfg = Release|Win32
		{65AF792A-2A5F-41AF-9BD5-7AAC37B0FC46}.Release|x86.Build.0 = Release|Win32
		{95B21E67-0B8C-4262-8759-B26BFB1F69C8}.Debug|x64.ActiveCfg = Debug|x64
		{95B21E67-0B8C-4262-8759-B26BFB1F69C8}.Debug|x64.Build.0 = Debug|x64
		{95B21E67-0B8C-4262-8759-B26BFB1F69C8}.Debug|x86.ActiveCfg = Debug|Win32
		{95B21E67-0B8C-4262-8759-B26BFB1F69C8}.Debug|x86.Build.0 = Debug|Win32
		{95B21E67-0B8C-4262-8759-B26BFB1F69C8}.Release|x64.ActiveCfg = Release|x64
		{95B21E67-0B8C-4262-8759-B26BFB1F69C8}.Release|x64.Build.0 = Release|x64
		{95B21E67-0B8C-4262-8759-B26BFB1F69C8}.Release|x86.ActiveCfg = Release|Win32
		{95B21E67-0B8C-4262-8759-B26BFB1F69C8}.Release|x86.Build.0 = Release|Win32
		{1385FE98-6914-4F02-A887-E3D246E32ACD}.Debug|x64.ActiveCfg = Debug|x64
		{1385FE98-6914-4F02-A887-E3D246E32ACD}.Debug|x64.Build.0 = Debug|x64
		{1385FE98-6914-4F02-A887-E3D246E32ACD}.Debug|x86.ActiveCfg = Debug|Win32
		{1385FE98-6914-4F02-A887-E3D246E32ACD}.Debug|x86.Build.0 = Debug|Win32
		{1385FE98-6914-4F02-A887-E3D246E32ACD}.Release|x64.ActiveCfg = Release|x64
		{1385FE98-6914-4F02-A887-E3D246E32ACD}.Release|x64.Build.0 = Release|x64
		{1385FE98-6914-4F02-A887-E3D246E32ACD}.Release|x86.ActiveCfg = Release|Win32
		{1385FE98-6914-4F02-A887-E3D246E32ACD}.Release|x86.Build.0 = Release|Win32
		{318959CA-26C7-4DCD-A65B-E48C465E376A}.Debug|x64.ActiveCfg = Debug|x64
		{318959CA-26C7-4DCD-A65B-E48C465E376A}.Debug|x64.Build.0 = Debug|x64
		{318959CA-26C7-4DCD-A65B-E48C465E376A}.Debug|x86.ActiveCfg = Debug|Win32
		{318959CA-26C7-4DCD-A65B-E48C465E376A}.Debug|x86.Build.0 = Debug|Win32
		{318959CA-26C7-4DCD-A65B-E48C465E376A}.Release|x64.ActiveCfg = Release|x64
		{318959CA-26C7-4DCD-A65B-E48C465E376A}.Release|x64.Build.0 = Release|x64
		{318959CA-26C7-4DCD-A65B-E48C465E376A}.Release|x86.ActiveCfg = Release|Win32
		{318959CA-26C7-4DCD-A65B-E48C465E376A}.Release|x86.Build.0 = Release|Win32
		{AADAE104-FE67-4B92-98E6-ECB5D61CD3E1}.Debug|x64.ActiveCfg = Debug|x64
		{AADAE104-FE67-4B92-98E6-ECB5D61CD3E1}.Debug|x64.Build.0 = Debug|x64
		{AADAE104-FE67-4B92-98E6-ECB5D61CD3E1}.Debug|x86.ActiveCfg = Debug|Win32
		{AADAE104-FE67-4B92-98E6-ECB5D61CD3E1}.Debug|x86.Build.0 = Debug|Win32
		{AADAE104-FE67-4B92-98E6-ECB5D61CD3E1}.Release|x64.ActiveCfg = Release|x64
		{AADAE104-FE67-4B92-98E6-ECB5D61CD3E1}.Release|x64.Build.0 = Release|x64
		{AADAE104-FE67-4B92-98E6-ECB5D61CD3E1}.Release|x86.ActiveCfg = Release|Win32
		{AADAE104-FE67-4B92-98E6-ECB5D61CD3E1}.Release|x86.Build.0 = Release|Win32
		{469FFDC0-4206-41F8-B671-F89E71BB48AA}.Debug|x64.ActiveCfg = Debug|x64
		{469FFDC0-4206-41F8-B671-F89E71BB48AA}.Debug|x64.Build.0 = Debug|x64
		{469FFDC0-4206-41F8-B671-F89E71BB48AA}.Debug|x86.ActiveCfg = Debug|Win32
		{469FFDC0-4206-41F8-B671-F89E71BB48AA}.Debug|x86.Build.0 = Debug|Win32
		{469FFDC0-4206-41F8-B671-F89E71BB48AA}.Release|x64.ActiveCfg = Release|x64
		{469FFDC0-4206-41F8-B671-F89E71BB48AA}.Release|x64.Build.0 = Release|x64
		{469FFDC0-4206-41F8-B671-F89E71BB48AA}.Release|x86.ActiveCfg = Release|Win32
		{469FFDC0-4206-41F8-B671-F89E71BB48AA}.Release|x86.Build.0 = Release|Win32
		{BB493729-3334-4B7F-A9F6-54C73D3DE760}.Debug|x64.ActiveCfg = Debug|x64
		{BB493729-3334-4B7F-A9F6-54C73D3DE760}.Debug|x64.Build.0 = Debug|x64
		{BB493729-3334-4B7F-A9F6-54C73D3DE760}.Debug|x86.ActiveCfg = Debug|Win32
		{BB493729-3334-4B7F-A9F6-54C73D3DE760}.Debug|x86.Build.0 = Debug|Win32
		{BB493729-3334-4B7F-A9F6-54C73D3DE760}.Release|x64.ActiveCfg = Release|x64
		{BB493729-3334-4B7F-A9F6-54C73D3DE760}.Release|x64.Build.0 = Release|x64
		{BB493729-3334-4B7F-A9F6-54C73D3DE760}.Release|x86.ActiveCfg = Release|Win32
		{BB493729-3334-4B7F-A9F6-54C73D3DE760}.Release|x86.Build.0 = Release|Win32
		{186935F1-F317-47CC-A1AF-850A8AFEDC97}.Debug|x64.ActiveCfg = Debug|x64
		{186935F1-F317-47CC-A1AF-850A8AFEDC97}.Debug|x64.Build.0 = Debug|x64
		{186935F1-F317-47CC-A1AF-850A8AFEDC97}.Debug|x86.ActiveCfg = Debug|Win32
		{186935F1-F317-47CC-A1AF-850A8AFEDC97}.Debug|x86.Build.0 = Debug|Win32
		{186935F1-F317-47CC-A1AF-850A8AFEDC97}.Release|x64.ActiveCfg = Release|x64
		{186935F1-F317-47CC-A1AF-850A8AFEDC97}.Release|x64.Build.0 = Release|x64
		{186935F1-F317-47CC-A1AF-850A8AFEDC97}.Release|x86.ActiveCfg = Release|Win32
		{186935F1-F317-47CC-A1AF-850A8AFEDC97}.Release|x86.Build.0 = Release|Win32
		{720CFF39-E79C-4667-AA95-CAB84CA7B7FA}.Debug|x64.ActiveCfg = Debug|x64
		{720CFF39-E79C-4667-AA95-CAB84CA7B7FA}.Debug|x64.Build.0 = Debug|x64
		{720CFF39-E79C-4667-AA95-CAB84CA7B7FA}.Debug|x86.ActiveCfg = Debug|Win32
		{720CFF39-E79C-4667-AA95-CAB84CA7B7FA}.Debug|x86.Build.0 = Debug|Win32
		{720CFF39-E79C-4667-AA95-CAB84CA7B7FA}.Release|x64.ActiveCfg = Release|x64
		{720CFF39-E79C-4667-AA95-CAB84CA7B7FA}.Release|x64.Build.0 = Release|x64
		{720CFF39-E79C-4667-AA95-CAB84CA7B7FA}.Release|x86.ActiveCfg = Release|Win32
		{720CFF39-E79C-4667-AA95-CAB84CA7B7FA}.Release|x86.Build.0 = Release|Win32
		{51FA4369-85BC-42F0-BE24-F741AAE9753B}.Debug|x64.ActiveCfg = Debug|x64
		{51FA4369-85BC-42F0-BE24-F741AAE9753B}.Debug|x64.Build.0 = Debug|x64
		{51FA4369-85BC-42F0-BE24-F741AAE9753B}.Debug|x86.ActiveCfg = Debug|Win32
		{51FA4369-85BC-42F0-BE24-F741AAE9753B}.Debug|x86.Build.0 = Debug|Win32
		{51FA4369-85BC-42F0-BE24-F741AAE9753B}.Release|x64.ActiveCfg = Release|x64
		{51FA4369-85BC-42F0-BE24-F741AAE9753B}.Release|x64.Build.0 = Release|x64
		{51FA4369-85BC-42F0-BE24-F741AAE9753B}.Release|x86.ActiveCfg = Release|Win32
		{51FA4369-85BC-42F0-BE24-F741AAE9753B}.Release|x86.Build.0 = Release|Win32
		{1744C8D3-A3DB-4C3C-AFF8-52CA820D4770}.Debug|x64.ActiveCfg = Debug|x64
		{1744C8D3-A3DB-4C3C-AFF8-52CA820D4770}.Debug|x64.Build.0 = Debug|x64
		{1744C8D3-A3DB-4C3C-AFF8-52CA820D4770}.Debug|x86.ActiveCfg = Debug|Win32
		{1744C8D3-A3DB-4C3C-AFF8-52CA820D4770}.Debug|x86.Build.0 = Debug|Win32
		{1744C8D3-A3DB-4C3C-AFF8-52CA820D4770}.Release|x64.ActiveCfg = Release|x64
		{1744C8D3-A3DB-4C3C-AFF8-52CA820D4770}.Release|x64.Build.0 = Release|x64
		{1744C8D3-A3DB-4C3C-AFF8-52CA820D4770}.Release|x86.ActiveCfg = Release|Win32
		{1744C8D3-A3DB-4C3C-AFF8-52CA820D4770}.Release|x86.Build.0 = Release|Win32
		{960894C0-B670-4BF2-AA64-785EB928A994}.Debug|x64.ActiveCfg = Debug|x64
		{960894C0-B670-4BF2-AA64-785EB928A994}.Debug|x64.Build.0 = Debug|x64
		{960894C0-B670-4BF2-AA64-785EB928A994}.Debug|x86.ActiveCfg = Debug|Win32
		{960894C0-B670-4BF2-AA64-785EB928A994}.Debug|x86.Build.0 = Debug|Win32
		{960894C0-B670-4BF2-AA64-785EB928A994}.Release|x64.ActiveCfg = Release|x64
		{960894C0-B670-4BF2-AA64-785EB928A994}.Release|x64.Build.0 = Release|x64
		{960894C0-B670-4BF2-AA64-785EB928A994}.Release|x86.ActiveCfg = Release|Win32
		{960894C0-B670-4BF2-AA64-785EB928A994}.Release|x86.Build.0 = Release|Win32
		{01AEDA06-4B5E-4662-857D-5CFAA7035A9B}.Debug|x64.ActiveCfg = Debug|x64
		{01AEDA06-4B5E-4662-857D-5CFAA7035A9B}.Debug|x64.Build.0 = Debug|x64
		{01AEDA06-4B5E-4662-857D-5CFAA7035A9B}.Debug|x86.ActiveCfg = Debug|Win32
		{01AEDA06-4B5E-4662-857D-5CFAA7035A9B}.Debug|x86.Build.0 = Debug|Win32
		{01AEDA06-4B5E-4662-857D-5CFAA7035A9B}.Release|x64.ActiveCfg = Release|x64
		{01AEDA06-4B5E-4662-857D-5CFAA7035A9B}.Release|x64.Build.0 = Release|x64
		{01AEDA06-4B5E-4662-857D-5CFAA7035A9B}.Release|x86.ActiveCfg = Release|Win32
		{01AEDA06-4B5E-4662-857D-5CFAA7035A9B}.Release|x86.Build.0 = Release|Win32
		{A4C4B3B1-4618-4600-806B-00E810508447}.Debug|x64.ActiveCfg = Debug|x64
		{A4C4B3B1-4618-4600-806B-00E810508447}.Debug|x64.Build.0 = Debug|x64
		{A4C4B3B1-4618-4600-806B-00E810508447}.Debug|x86.ActiveCfg = Debug|Win32
		{A4C4B3B1-4618-4600-806B-00E810508447}.Debug|x86.Build.0 = Debug|Win32
		{A4C4B3B1-4618-4600-806B-00E810508447}.Release|x64.ActiveCfg = Release|x64
		{A4C4B3B1-4618-4600-806B-00E810508447}.Release|x64.Build.0 = Release|x64
		{A4C4B3B1-4618-4600-806B-00E810508447}.Release|x86.ActiveCfg = Release|Win32
		{A4C4B3B1-4618-4600-806B-00E810508447}.Release|x86.Build.0 = Release|Win32
		{796378F9-F925-427A-9715-3E0CD6F21615}.Debug|x64.ActiveCfg = Debug|x64
		{796378F9-F925-427A-9715-3E0CD6F21615}.Debug|x64.Build.0 = Debug|x64
		{796378F9-F925-427A-9715-3E0CD6F21615}.Debug|x86.ActiveCfg = Debug|Win32
		{796378F9-F925-427A-9715-3E0CD6F21615}.Debug|x86.Build.0 = Debug|Win32
		{796378F9-F925-427A-9715-3E0CD6F21615}.Release|x64.ActiveCfg = Release|x64
		{796378F9-F925-427A-9715-3E0CD6F21615}.Release|x64.Build.0 = Release|x64
		{796378F9-F925-427A-9715-3E0CD6F21615}.Release|x86.ActiveCfg = Release|Win32
		{796378F9-F925-427A-9715-3E0CD6F21615}.Release|x86.Build.0 = Release|Win32
		{E415A17E-6BA0-4216-B78F-F371D9C4E055}.Debug|x64.ActiveCfg = Debug|x64
		{E415A17E-6BA0-4216-B78F-F371D9C4E055}.Debug|x64.Build.0 = Debug|x64
		{E415A17E-6BA0-4216-B78F-F371D9C4E055}.Debug|x86.ActiveCfg = Debug|Win32
		{E415A17E-6BA0-4216-B78F-F371D9C4E055}.Debug|x86.Build.0 = Debug|Win32
		{E415A17E-6BA0-4216-B78F-F371D9C4E055}.Release|x64.ActiveCfg = Release|x64
		{E415A17E-6BA0-4216-B78F-F371D9C4E055}.Release|x64.Build.0 = Release|x64
		{E415A17E-6BA0-4216-B78F-F371D9C4E055}.Release|x86.ActiveCfg = Release|Win32
		{E415A17E-6BA0-4216-B78F-F371D9C4E055}.Release|x86.Build.0 = Release|Win32
		{771C1BA0-ABE3-4C02-A8EF-AAC7641C9537}.Debug|x64.ActiveCfg = Debug|x64
		{771C1BA0-ABE3-4C02-A8EF-AAC7641C9537}.Debug|x64.Build.0 = Debug|x64
		{771C1BA0-ABE3-4C02-A8EF-AAC7641C9537}.Debug|x86.ActiveCfg = Debug|Win32
		{771C1BA0-ABE3-4C02-A8EF-AAC7641C9537}.Debug|x86.Build.0 = Debug|Win32
		{771C1BA0-ABE3-4C02-A8EF-AAC7641C9537}.Release|x64.ActiveCfg = Release|x64
		{771C1BA0-ABE3-4C02-A8EF-AAC7641C9537}.Release|x64.Build.0 = Release|x64
		{771C1BA0-ABE3-4C02-A8EF-AAC7641C9537}.Release|x86.ActiveCfg = Release|Win32
		{771C1BA0-ABE3-4C02-A8EF-AAC7641C9537}.Release|x86.Build.0 = Release|Win32
	EndGlobalSection
	GlobalSection(SolutionProperties) = preSolution
		HideSolutionNode = FALSE
	EndGlobalSection
	GlobalSection(ExtensibilityGlobals) = postSolution
		SolutionGuid = {65CD5551-F45F-4FFF-B18D-379753C42C88}
	EndGlobalSection
EndGlobal
