
Microsoft Visual Studio Solution File, Format Version 12.00
# Visual Studio 15
VisualStudioVersion = 15.0.26730.16
MinimumVisualStudioVersion = 10.0.40219.1
Project("{8BC9CEB8-8B4A-11D0-8D11-00A0C91BC942}") = "first_class_1", "first_class_1\first_class_1.vcxproj", "{39837CFB-A544-4C12-B72A-A9C96A4AB70B}"
EndProject
Project("{8BC9CEB8-8B4A-11D0-8D11-00A0C91BC942}") = "first_class_3", "first_class_3\first_class_3.vcxproj", "{FDAB4E2C-BAEA-4460-B3FC-4752F8354700}"
EndProject
Project("{8BC9CEB8-8B4A-11D0-8D11-00A0C91BC942}") = "first_class_2", "first_class_2\first_class_2.vcxproj", "{5DEFC685-058B-455D-98C8-2308DE407107}"
EndProject
Project("{8BC9CEB8-8B4A-11D0-8D11-00A0C91BC942}") = "first_class_4", "first_class_4\first_class_4.vcxproj", "{A23AA702-126E-4612-ADA9-33998B1687C0}"
EndProject
Project("{8BC9CEB8-8B4A-11D0-8D11-00A0C91BC942}") = "transform_1", "transform_1\transform_1.vcxproj", "{973AE86A-F1AB-4C2B-A333-1495629305DB}"
EndProject
Project("{8BC9CEB8-8B4A-11D0-8D11-00A0C91BC942}") = "filter_1", "filter_1\filter_1.vcxproj", "{7624B146-FB44-4EAB-A494-7E1CDA2DDBB9}"
EndProject
Project("{8BC9CEB8-8B4A-11D0-8D11-00A0C91BC942}") = "filter_2", "filter_2\filter_2.vcxproj", "{A43C60F4-1B1E-43FF-A918-90C3B8DCD8C2}"
EndProject
Global
	GlobalSection(SolutionConfigurationPlatforms) = preSolution
		Debug|x64 = Debug|x64
		Debug|x86 = Debug|x86
		Release|x64 = Release|x64
		Release|x86 = Release|x86
	EndGlobalSection
	GlobalSection(ProjectConfigurationPlatforms) = postSolution
		{39837CFB-A544-4C12-B72A-A9C96A4AB70B}.Debug|x64.ActiveCfg = Debug|x64
		{39837CFB-A544-4C12-B72A-A9C96A4AB70B}.Debug|x64.Build.0 = Debug|x64
		{39837CFB-A544-4C12-B72A-A9C96A4AB70B}.Debug|x86.ActiveCfg = Debug|Win32
		{39837CFB-A544-4C12-B72A-A9C96A4AB70B}.Debug|x86.Build.0 = Debug|Win32
		{39837CFB-A544-4C12-B72A-A9C96A4AB70B}.Release|x64.ActiveCfg = Release|x64
		{39837CFB-A544-4C12-B72A-A9C96A4AB70B}.Release|x64.Build.0 = Release|x64
		{39837CFB-A544-4C12-B72A-A9C96A4AB70B}.Release|x86.ActiveCfg = Release|Win32
		{39837CFB-A544-4C12-B72A-A9C96A4AB70B}.Release|x86.Build.0 = Release|Win32
		{FDAB4E2C-BAEA-4460-B3FC-4752F8354700}.Debug|x64.ActiveCfg = Debug|x64
		{FDAB4E2C-BAEA-4460-B3FC-4752F8354700}.Debug|x64.Build.0 = Debug|x64
		{FDAB4E2C-BAEA-4460-B3FC-4752F8354700}.Debug|x86.ActiveCfg = Debug|Win32
		{FDAB4E2C-BAEA-4460-B3FC-4752F8354700}.Debug|x86.Build.0 = Debug|Win32
		{FDAB4E2C-BAEA-4460-B3FC-4752F8354700}.Release|x64.ActiveCfg = Release|x64
		{FDAB4E2C-BAEA-4460-B3FC-4752F8354700}.Release|x64.Build.0 = Release|x64
		{FDAB4E2C-BAEA-4460-B3FC-4752F8354700}.Release|x86.ActiveCfg = Release|Win32
		{FDAB4E2C-BAEA-4460-B3FC-4752F8354700}.Release|x86.Build.0 = Release|Win32
		{5DEFC685-058B-455D-98C8-2308DE407107}.Debug|x64.ActiveCfg = Debug|x64
		{5DEFC685-058B-455D-98C8-2308DE407107}.Debug|x64.Build.0 = Debug|x64
		{5DEFC685-058B-455D-98C8-2308DE407107}.Debug|x86.ActiveCfg = Debug|Win32
		{5DEFC685-058B-455D-98C8-2308DE407107}.Debug|x86.Build.0 = Debug|Win32
		{5DEFC685-058B-455D-98C8-2308DE407107}.Release|x64.ActiveCfg = Release|x64
		{5DEFC685-058B-455D-98C8-2308DE407107}.Release|x64.Build.0 = Release|x64
		{5DEFC685-058B-455D-98C8-2308DE407107}.Release|x86.ActiveCfg = Release|Win32
		{5DEFC685-058B-455D-98C8-2308DE407107}.Release|x86.Build.0 = Release|Win32
		{A23AA702-126E-4612-ADA9-33998B1687C0}.Debug|x64.ActiveCfg = Debug|x64
		{A23AA702-126E-4612-ADA9-33998B1687C0}.Debug|x64.Build.0 = Debug|x64
		{A23AA702-126E-4612-ADA9-33998B1687C0}.Debug|x86.ActiveCfg = Debug|Win32
		{A23AA702-126E-4612-ADA9-33998B1687C0}.Debug|x86.Build.0 = Debug|Win32
		{A23AA702-126E-4612-ADA9-33998B1687C0}.Release|x64.ActiveCfg = Release|x64
		{A23AA702-126E-4612-ADA9-33998B1687C0}.Release|x64.Build.0 = Release|x64
		{A23AA702-126E-4612-ADA9-33998B1687C0}.Release|x86.ActiveCfg = Release|Win32
		{A23AA702-126E-4612-ADA9-33998B1687C0}.Release|x86.Build.0 = Release|Win32
		{973AE86A-F1AB-4C2B-A333-1495629305DB}.Debug|x64.ActiveCfg = Debug|x64
		{973AE86A-F1AB-4C2B-A333-1495629305DB}.Debug|x64.Build.0 = Debug|x64
		{973AE86A-F1AB-4C2B-A333-1495629305DB}.Debug|x86.ActiveCfg = Debug|Win32
		{973AE86A-F1AB-4C2B-A333-1495629305DB}.Debug|x86.Build.0 = Debug|Win32
		{973AE86A-F1AB-4C2B-A333-1495629305DB}.Release|x64.ActiveCfg = Release|x64
		{973AE86A-F1AB-4C2B-A333-1495629305DB}.Release|x64.Build.0 = Release|x64
		{973AE86A-F1AB-4C2B-A333-1495629305DB}.Release|x86.ActiveCfg = Release|Win32
		{973AE86A-F1AB-4C2B-A333-1495629305DB}.Release|x86.Build.0 = Release|Win32
		{7624B146-FB44-4EAB-A494-7E1CDA2DDBB9}.Debug|x64.ActiveCfg = Debug|x64
		{7624B146-FB44-4EAB-A494-7E1CDA2DDBB9}.Debug|x64.Build.0 = Debug|x64
		{7624B146-FB44-4EAB-A494-7E1CDA2DDBB9}.Debug|x86.ActiveCfg = Debug|Win32
		{7624B146-FB44-4EAB-A494-7E1CDA2DDBB9}.Debug|x86.Build.0 = Debug|Win32
		{7624B146-FB44-4EAB-A494-7E1CDA2DDBB9}.Release|x64.ActiveCfg = Release|x64
		{7624B146-FB44-4EAB-A494-7E1CDA2DDBB9}.Release|x64.Build.0 = Release|x64
		{7624B146-FB44-4EAB-A494-7E1CDA2DDBB9}.Release|x86.ActiveCfg = Release|Win32
		{7624B146-FB44-4EAB-A494-7E1CDA2DDBB9}.Release|x86.Build.0 = Release|Win32
		{A43C60F4-1B1E-43FF-A918-90C3B8DCD8C2}.Debug|x64.ActiveCfg = Debug|x64
		{A43C60F4-1B1E-43FF-A918-90C3B8DCD8C2}.Debug|x64.Build.0 = Debug|x64
		{A43C60F4-1B1E-43FF-A918-90C3B8DCD8C2}.Debug|x86.ActiveCfg = Debug|Win32
		{A43C60F4-1B1E-43FF-A918-90C3B8DCD8C2}.Debug|x86.Build.0 = Debug|Win32
		{A43C60F4-1B1E-43FF-A918-90C3B8DCD8C2}.Release|x64.ActiveCfg = Release|x64
		{A43C60F4-1B1E-43FF-A918-90C3B8DCD8C2}.Release|x64.Build.0 = Release|x64
		{A43C60F4-1B1E-43FF-A918-90C3B8DCD8C2}.Release|x86.ActiveCfg = Release|Win32
		{A43C60F4-1B1E-43FF-A918-90C3B8DCD8C2}.Release|x86.Build.0 = Release|Win32
	EndGlobalSection
	GlobalSection(SolutionProperties) = preSolution
		HideSolutionNode = FALSE
	EndGlobalSection
	GlobalSection(ExtensibilityGlobals) = postSolution
		SolutionGuid = {A46CDF84-8D8E-4E80-B1EB-68C051A9C7D0}
	EndGlobalSection
EndGlobal
